
Microsoft Visual Studio Solution File, Format Version 12.00
# Visual Studio Version 17
VisualStudioVersion = 17.3.32819.101
MinimumVisualStudioVersion = 10.0.40219.1
Project("{FAE04EC0-301F-11D3-BF4B-00C04F79EFBC}") = "Pildi_Vaatamise_Programm", "Pildi_Vaatamise_Programm\Pildi_Vaatamise_Programm.csproj", "{8560E345-F856-4FE7-9196-FE938FF55DE7}"
EndProject
Global
	GlobalSection(SolutionConfigurationPlatforms) = preSolution
		Debug|Any CPU = Debug|Any CPU
		Release|Any CPU = Release|Any CPU
	EndGlobalSection
	GlobalSection(ProjectConfigurationPlatforms) = postSolution
		{8560E345-F856-4FE7-9196-FE938FF55DE7}.Debug|Any CPU.ActiveCfg = Debug|Any CPU
		{8560E345-F856-4FE7-9196-FE938FF55DE7}.Debug|Any CPU.Build.0 = Debug|Any CPU
		{8560E345-F856-4FE7-9196-FE938FF55DE7}.Release|Any CPU.ActiveCfg = Release|Any CPU
		{8560E345-F856-4FE7-9196-FE938FF55DE7}.Release|Any CPU.Build.0 = Release|Any CPU
	EndGlobalSection
	GlobalSection(SolutionProperties) = preSolution
		HideSolutionNode = FALSE
	EndGlobalSection
	GlobalSection(ExtensibilityGlobals) = postSolution
		SolutionGuid = {11687A65-A73B-4B9E-B835-E1684B47EFB4}
	EndGlobalSection
EndGlobal
